// !$*UTF8*$!
{
	archiveVersion = 1;
	classes = {
	};
	objectVersion = 56;
	objects = {

/* Begin PBXBuildFile section */
		611198682BD08D08006E4E59 /* AppDelegate.swift in Sources */ = {isa = PBXBuildFile; fileRef = 611198672BD08D08006E4E59 /* AppDelegate.swift */; };
		6111986A2BD08D08006E4E59 /* ContentView.swift in Sources */ = {isa = PBXBuildFile; fileRef = 611198692BD08D08006E4E59 /* ContentView.swift */; };
		6111986C2BD08D0A006E4E59 /* Assets.xcassets in Resources */ = {isa = PBXBuildFile; fileRef = 6111986B2BD08D0A006E4E59 /* Assets.xcassets */; };
		6111986F2BD08D0A006E4E59 /* Preview Assets.xcassets in Resources */ = {isa = PBXBuildFile; fileRef = 6111986E2BD08D0A006E4E59 /* Preview Assets.xcassets */; };
		611198792BD08D0A006E4E59 /* _DModelPickerTests.swift in Sources */ = {isa = PBXBuildFile; fileRef = 611198782BD08D0A006E4E59 /* _DModelPickerTests.swift */; };
		611198832BD08D0A006E4E59 /* _DModelPickerUITests.swift in Sources */ = {isa = PBXBuildFile; fileRef = 611198822BD08D0A006E4E59 /* _DModelPickerUITests.swift */; };
		611198852BD08D0A006E4E59 /* _DModelPickerUITestsLaunchTests.swift in Sources */ = {isa = PBXBuildFile; fileRef = 611198842BD08D0A006E4E59 /* _DModelPickerUITestsLaunchTests.swift */; };
		611198942BD093F1006E4E59 /* sneaker_pegasustrail.usdz in Resources */ = {isa = PBXBuildFile; fileRef = 611198922BD093F0006E4E59 /* sneaker_pegasustrail.usdz */; };
		611198952BD093F1006E4E59 /* pancakes.usdz in Resources */ = {isa = PBXBuildFile; fileRef = 611198932BD093F1006E4E59 /* pancakes.usdz */; };
		611198972BD0942D006E4E59 /* toy_biplane_idle.usdz in Resources */ = {isa = PBXBuildFile; fileRef = 611198962BD0942D006E4E59 /* toy_biplane_idle.usdz */; };
/* End PBXBuildFile section */

/* Begin PBXContainerItemProxy section */
		611198752BD08D0A006E4E59 /* PBXContainerItemProxy */ = {
			isa = PBXContainerItemProxy;
			containerPortal = 6111985C2BD08D08006E4E59 /* Project object */;
			proxyType = 1;
			remoteGlobalIDString = 611198632BD08D08006E4E59;
			remoteInfo = 3DModelPicker;
		};
		6111987F2BD08D0A006E4E59 /* PBXContainerItemProxy */ = {
			isa = PBXContainerItemProxy;
			containerPortal = 6111985C2BD08D08006E4E59 /* Project object */;
			proxyType = 1;
			remoteGlobalIDString = 611198632BD08D08006E4E59;
			remoteInfo = 3DModelPicker;
		};
/* End PBXContainerItemProxy section */

/* Begin PBXFileReference section */
		611198642BD08D08006E4E59 /* 3DModelPicker.app */ = {isa = PBXFileReference; explicitFileType = wrapper.application; includeInIndex = 0; path = 3DModelPicker.app; sourceTree = BUILT_PRODUCTS_DIR; };
		611198672BD08D08006E4E59 /* AppDelegate.swift */ = {isa = PBXFileReference; lastKnownFileType = sourcecode.swift; path = AppDelegate.swift; sourceTree = "<group>"; };
		611198692BD08D08006E4E59 /* ContentView.swift */ = {isa = PBXFileReference; lastKnownFileType = sourcecode.swift; path = ContentView.swift; sourceTree = "<group>"; };
		6111986B2BD08D0A006E4E59 /* Assets.xcassets */ = {isa = PBXFileReference; lastKnownFileType = folder.assetcatalog; path = Assets.xcassets; sourceTree = "<group>"; };
		6111986E2BD08D0A006E4E59 /* Preview Assets.xcassets */ = {isa = PBXFileReference; lastKnownFileType = folder.assetcatalog; path = "Preview Assets.xcassets"; sourceTree = "<group>"; };
		611198742BD08D0A006E4E59 /* 3DModelPickerTests.xctest */ = {isa = PBXFileReference; explicitFileType = wrapper.cfbundle; includeInIndex = 0; path = 3DModelPickerTests.xctest; sourceTree = BUILT_PRODUCTS_DIR; };
		611198782BD08D0A006E4E59 /* _DModelPickerTests.swift */ = {isa = PBXFileReference; lastKnownFileType = sourcecode.swift; path = _DModelPickerTests.swift; sourceTree = "<group>"; };
		6111987E2BD08D0A006E4E59 /* 3DModelPickerUITests.xctest */ = {isa = PBXFileReference; explicitFileType = wrapper.cfbundle; includeInIndex = 0; path = 3DModelPickerUITests.xctest; sourceTree = BUILT_PRODUCTS_DIR; };
		611198822BD08D0A006E4E59 /* _DModelPickerUITests.swift */ = {isa = PBXFileReference; lastKnownFileType = sourcecode.swift; path = _DModelPickerUITests.swift; sourceTree = "<group>"; };
		611198842BD08D0A006E4E59 /* _DModelPickerUITestsLaunchTests.swift */ = {isa = PBXFileReference; lastKnownFileType = sourcecode.swift; path = _DModelPickerUITestsLaunchTests.swift; sourceTree = "<group>"; };
		611198922BD093F0006E4E59 /* sneaker_pegasustrail.usdz */ = {isa = PBXFileReference; lastKnownFileType = file.usdz; path = sneaker_pegasustrail.usdz; sourceTree = "<group>"; };
		611198932BD093F1006E4E59 /* pancakes.usdz */ = {isa = PBXFileReference; lastKnownFileType = file.usdz; path = pancakes.usdz; sourceTree = "<group>"; };
		611198962BD0942D006E4E59 /* toy_biplane_idle.usdz */ = {isa = PBXFileReference; lastKnownFileType = file.usdz; path = toy_biplane_idle.usdz; sourceTree = "<group>"; };
/* End PBXFileReference section */

/* Begin PBXFrameworksBuildPhase section */
		611198612BD08D08006E4E59 /* Frameworks */ = {
			isa = PBXFrameworksBuildPhase;
			buildActionMask = 2147483647;
			files = (
			);
			runOnlyForDeploymentPostprocessing = 0;
		};
		611198712BD08D0A006E4E59 /* Frameworks */ = {
			isa = PBXFrameworksBuildPhase;
			buildActionMask = 2147483647;
			files = (
			);
			runOnlyForDeploymentPostprocessing = 0;
		};
		6111987B2BD08D0A006E4E59 /* Frameworks */ = {
			isa = PBXFrameworksBuildPhase;
			buildActionMask = 2147483647;
			files = (
			);
			runOnlyForDeploymentPostprocessing = 0;
		};
/* End PBXFrameworksBuildPhase section */

/* Begin PBXGroup section */
		6111985B2BD08D08006E4E59 = {
			isa = PBXGroup;
			children = (
				611198662BD08D08006E4E59 /* 3DModelPicker */,
				611198772BD08D0A006E4E59 /* 3DModelPickerTests */,
				611198812BD08D0A006E4E59 /* 3DModelPickerUITests */,
				611198652BD08D08006E4E59 /* Products */,
			);
			sourceTree = "<group>";
		};
		611198652BD08D08006E4E59 /* Products */ = {
			isa = PBXGroup;
			children = (
				611198642BD08D08006E4E59 /* 3DModelPicker.app */,
				611198742BD08D0A006E4E59 /* 3DModelPickerTests.xctest */,
				6111987E2BD08D0A006E4E59 /* 3DModelPickerUITests.xctest */,
			);
			name = Products;
			sourceTree = "<group>";
		};
		611198662BD08D08006E4E59 /* 3DModelPicker */ = {
			isa = PBXGroup;
			children = (
				611198672BD08D08006E4E59 /* AppDelegate.swift */,
				611198912BD093A4006E4E59 /* Models */,
				611198692BD08D08006E4E59 /* ContentView.swift */,
				6111986B2BD08D0A006E4E59 /* Assets.xcassets */,
				6111986D2BD08D0A006E4E59 /* Preview Content */,
			);
			path = 3DModelPicker;
			sourceTree = "<group>";
		};
		6111986D2BD08D0A006E4E59 /* Preview Content */ = {
			isa = PBXGroup;
			children = (
				6111986E2BD08D0A006E4E59 /* Preview Assets.xcassets */,
			);
			path = "Preview Content";
			sourceTree = "<group>";
		};
		611198772BD08D0A006E4E59 /* 3DModelPickerTests */ = {
			isa = PBXGroup;
			children = (
				611198782BD08D0A006E4E59 /* _DModelPickerTests.swift */,
			);
			path = 3DModelPickerTests;
			sourceTree = "<group>";
		};
		611198812BD08D0A006E4E59 /* 3DModelPickerUITests */ = {
			isa = PBXGroup;
			children = (
				611198822BD08D0A006E4E59 /* _DModelPickerUITests.swift */,
				611198842BD08D0A006E4E59 /* _DModelPickerUITestsLaunchTests.swift */,
			);
			path = 3DModelPickerUITests;
			sourceTree = "<group>";
		};
		611198912BD093A4006E4E59 /* Models */ = {
			isa = PBXGroup;
			children = (
				611198932BD093F1006E4E59 /* pancakes.usdz */,
				611198962BD0942D006E4E59 /* toy_biplane_idle.usdz */,
				611198922BD093F0006E4E59 /* sneaker_pegasustrail.usdz */,
			);
			path = Models;
			sourceTree = "<group>";
		};
/* End PBXGroup section */

/* Begin PBXNativeTarget section */
		611198632BD08D08006E4E59 /* 3DModelPicker */ = {
			isa = PBXNativeTarget;
			buildConfigurationList = 611198882BD08D0A006E4E59 /* Build configuration list for PBXNativeTarget "3DModelPicker" */;
			buildPhases = (
				611198602BD08D08006E4E59 /* Sources */,
				611198612BD08D08006E4E59 /* Frameworks */,
				611198622BD08D08006E4E59 /* Resources */,
			);
			buildRules = (
			);
			dependencies = (
			);
			name = 3DModelPicker;
			productName = 3DModelPicker;
			productReference = 611198642BD08D08006E4E59 /* 3DModelPicker.app */;
			productType = "com.apple.product-type.application";
		};
		611198732BD08D0A006E4E59 /* 3DModelPickerTests */ = {
			isa = PBXNativeTarget;
			buildConfigurationList = 6111988B2BD08D0A006E4E59 /* Build configuration list for PBXNativeTarget "3DModelPickerTests" */;
			buildPhases = (
				611198702BD08D0A006E4E59 /* Sources */,
				611198712BD08D0A006E4E59 /* Frameworks */,
				611198722BD08D0A006E4E59 /* Resources */,
			);
			buildRules = (
			);
			dependencies = (
				611198762BD08D0A006E4E59 /* PBXTargetDependency */,
			);
			name = 3DModelPickerTests;
			productName = 3DModelPickerTests;
			productReference = 611198742BD08D0A006E4E59 /* 3DModelPickerTests.xctest */;
			productType = "com.apple.product-type.bundle.unit-test";
		};
		6111987D2BD08D0A006E4E59 /* 3DModelPickerUITests */ = {
			isa = PBXNativeTarget;
			buildConfigurationList = 6111988E2BD08D0A006E4E59 /* Build configuration list for PBXNativeTarget "3DModelPickerUITests" */;
			buildPhases = (
				6111987A2BD08D0A006E4E59 /* Sources */,
				6111987B2BD08D0A006E4E59 /* Frameworks */,
				6111987C2BD08D0A006E4E59 /* Resources */,
			);
			buildRules = (
			);
			dependencies = (
				611198802BD08D0A006E4E59 /* PBXTargetDependency */,
			);
			name = 3DModelPickerUITests;
			productName = 3DModelPickerUITests;
			productReference = 6111987E2BD08D0A006E4E59 /* 3DModelPickerUITests.xctest */;
			productType = "com.apple.product-type.bundle.ui-testing";
		};
/* End PBXNativeTarget section */

/* Begin PBXProject section */
		6111985C2BD08D08006E4E59 /* Project object */ = {
			isa = PBXProject;
			attributes = {
				BuildIndependentTargetsInParallel = 1;
				LastSwiftUpdateCheck = 1530;
				LastUpgradeCheck = 1530;
				TargetAttributes = {
					611198632BD08D08006E4E59 = {
						CreatedOnToolsVersion = 15.3;
					};
					611198732BD08D0A006E4E59 = {
						CreatedOnToolsVersion = 15.3;
						TestTargetID = 611198632BD08D08006E4E59;
					};
					6111987D2BD08D0A006E4E59 = {
						CreatedOnToolsVersion = 15.3;
						TestTargetID = 611198632BD08D08006E4E59;
					};
				};
			};
			buildConfigurationList = 6111985F2BD08D08006E4E59 /* Build configuration list for PBXProject "3DModelPicker" */;
			compatibilityVersion = "Xcode 14.0";
			developmentRegion = en;
			hasScannedForEncodings = 0;
			knownRegions = (
				en,
				Base,
			);
			mainGroup = 6111985B2BD08D08006E4E59;
			productRefGroup = 611198652BD08D08006E4E59 /* Products */;
			projectDirPath = "";
			projectRoot = "";
			targets = (
				611198632BD08D08006E4E59 /* 3DModelPicker */,
				611198732BD08D0A006E4E59 /* 3DModelPickerTests */,
				6111987D2BD08D0A006E4E59 /* 3DModelPickerUITests */,
			);
		};
/* End PBXProject section */

/* Begin PBXResourcesBuildPhase section */
		611198622BD08D08006E4E59 /* Resources */ = {
			isa = PBXResourcesBuildPhase;
			buildActionMask = 2147483647;
			files = (
				611198942BD093F1006E4E59 /* sneaker_pegasustrail.usdz in Resources */,
				611198972BD0942D006E4E59 /* toy_biplane_idle.usdz in Resources */,
				6111986F2BD08D0A006E4E59 /* Preview Assets.xcassets in Resources */,
				6111986C2BD08D0A006E4E59 /* Assets.xcassets in Resources */,
				611198952BD093F1006E4E59 /* pancakes.usdz in Resources */,
			);
			runOnlyForDeploymentPostprocessing = 0;
		};
		611198722BD08D0A006E4E59 /* Resources */ = {
			isa = PBXResourcesBuildPhase;
			buildActionMask = 2147483647;
			files = (
			);
			runOnlyForDeploymentPostprocessing = 0;
		};
		6111987C2BD08D0A006E4E59 /* Resources */ = {
			isa = PBXResourcesBuildPhase;
			buildActionMask = 2147483647;
			files = (
			);
			runOnlyForDeploymentPostprocessing = 0;
		};
/* End PBXResourcesBuildPhase section */

/* Begin PBXSourcesBuildPhase section */
		611198602BD08D08006E4E59 /* Sources */ = {
			isa = PBXSourcesBuildPhase;
			buildActionMask = 2147483647;
			files = (
				6111986A2BD08D08006E4E59 /* ContentView.swift in Sources */,
				611198682BD08D08006E4E59 /* AppDelegate.swift in Sources */,
			);
			runOnlyForDeploymentPostprocessing = 0;
		};
		611198702BD08D0A006E4E59 /* Sources */ = {
			isa = PBXSourcesBuildPhase;
			buildActionMask = 2147483647;
			files = (
				611198792BD08D0A006E4E59 /* _DModelPickerTests.swift in Sources */,
			);
			runOnlyForDeploymentPostprocessing = 0;
		};
		6111987A2BD08D0A006E4E59 /* Sources */ = {
			isa = PBXSourcesBuildPhase;
			buildActionMask = 2147483647;
			files = (
				611198832BD08D0A006E4E59 /* _DModelPickerUITests.swift in Sources */,
				611198852BD08D0A006E4E59 /* _DModelPickerUITestsLaunchTests.swift in Sources */,
			);
			runOnlyForDeploymentPostprocessing = 0;
		};
/* End PBXSourcesBuildPhase section */

/* Begin PBXTargetDependency section */
		611198762BD08D0A006E4E59 /* PBXTargetDependency */ = {
			isa = PBXTargetDependency;
			target = 611198632BD08D08006E4E59 /* 3DModelPicker */;
			targetProxy = 611198752BD08D0A006E4E59 /* PBXContainerItemProxy */;
		};
		611198802BD08D0A006E4E59 /* PBXTargetDependency */ = {
			isa = PBXTargetDependency;
			target = 611198632BD08D08006E4E59 /* 3DModelPicker */;
			targetProxy = 6111987F2BD08D0A006E4E59 /* PBXContainerItemProxy */;
		};
/* End PBXTargetDependency section */

/* Begin XCBuildConfiguration section */
		611198862BD08D0A006E4E59 /* Debug */ = {
			isa = XCBuildConfiguration;
			buildSettings = {
				ALWAYS_SEARCH_USER_PATHS = NO;
				ASSETCATALOG_COMPILER_GENERATE_SWIFT_ASSET_SYMBOL_EXTENSIONS = YES;
				CLANG_ANALYZER_NONNULL = YES;
				CLANG_ANALYZER_NUMBER_OBJECT_CONVERSION = YES_AGGRESSIVE;
				CLANG_CXX_LANGUAGE_STANDARD = "gnu++20";
				CLANG_ENABLE_MODULES = YES;
				CLANG_ENABLE_OBJC_ARC = YES;
				CLANG_ENABLE_OBJC_WEAK = YES;
				CLANG_WARN_BLOCK_CAPTURE_AUTORELEASING = YES;
				CLANG_WARN_BOOL_CONVERSION = YES;
				CLANG_WARN_COMMA = YES;
				CLANG_WARN_CONSTANT_CONVERSION = YES;
				CLANG_WARN_DEPRECATED_OBJC_IMPLEMENTATIONS = YES;
				CLANG_WARN_DIRECT_OBJC_ISA_USAGE = YES_ERROR;
				CLANG_WARN_DOCUMENTATION_COMMENTS = YES;
				CLANG_WARN_EMPTY_BODY = YES;
				CLANG_WARN_ENUM_CONVERSION = YES;
				CLANG_WARN_INFINITE_RECURSION = YES;
				CLANG_WARN_INT_CONVERSION = YES;
				CLANG_WARN_NON_LITERAL_NULL_CONVERSION = YES;
				CLANG_WARN_OBJC_IMPLICIT_RETAIN_SELF = YES;
				CLANG_WARN_OBJC_LITERAL_CONVERSION = YES;
				CLANG_WARN_OBJC_ROOT_CLASS = YES_ERROR;
				CLANG_WARN_QUOTED_INCLUDE_IN_FRAMEWORK_HEADER = YES;
				CLANG_WARN_RANGE_LOOP_ANALYSIS = YES;
				CLANG_WARN_STRICT_PROTOTYPES = YES;
				CLANG_WARN_SUSPICIOUS_MOVE = YES;
				CLANG_WARN_UNGUARDED_AVAILABILITY = YES_AGGRESSIVE;
				CLANG_WARN_UNREACHABLE_CODE = YES;
				CLANG_WARN__DUPLICATE_METHOD_MATCH = YES;
				COPY_PHASE_STRIP = NO;
				DEBUG_INFORMATION_FORMAT = dwarf;
				ENABLE_STRICT_OBJC_MSGSEND = YES;
				ENABLE_TESTABILITY = YES;
				ENABLE_USER_SCRIPT_SANDBOXING = YES;
				GCC_C_LANGUAGE_STANDARD = gnu17;
				GCC_DYNAMIC_NO_PIC = NO;
				GCC_NO_COMMON_BLOCKS = YES;
				GCC_OPTIMIZATION_LEVEL = 0;
				GCC_PREPROCESSOR_DEFINITIONS = (
					"DEBUG=1",
					"$(inherited)",
				);
				GCC_WARN_64_TO_32_BIT_CONVERSION = YES;
				GCC_WARN_ABOUT_RETURN_TYPE = YES_ERROR;
				GCC_WARN_UNDECLARED_SELECTOR = YES;
				GCC_WARN_UNINITIALIZED_AUTOS = YES_AGGRESSIVE;
				GCC_WARN_UNUSED_FUNCTION = YES;
				GCC_WARN_UNUSED_VARIABLE = YES;
				IPHONEOS_DEPLOYMENT_TARGET = 17.4;
				LOCALIZATION_PREFERS_STRING_CATALOGS = YES;
				MTL_ENABLE_DEBUG_INFO = INCLUDE_SOURCE;
				MTL_FAST_MATH = YES;
				ONLY_ACTIVE_ARCH = YES;
				SDKROOT = iphoneos;
				SWIFT_ACTIVE_COMPILATION_CONDITIONS = "DEBUG $(inherited)";
				SWIFT_OPTIMIZATION_LEVEL = "-Onone";
			};
			name = Debug;
		};
		611198872BD08D0A006E4E59 /* Release */ = {
			isa = XCBuildConfiguration;
			buildSettings = {
				ALWAYS_SEARCH_USER_PATHS = NO;
				ASSETCATALOG_COMPILER_GENERATE_SWIFT_ASSET_SYMBOL_EXTENSIONS = YES;
				CLANG_ANALYZER_NONNULL = YES;
				CLANG_ANALYZER_NUMBER_OBJECT_CONVERSION = YES_AGGRESSIVE;
				CLANG_CXX_LANGUAGE_STANDARD = "gnu++20";
				CLANG_ENABLE_MODULES = YES;
				CLANG_ENABLE_OBJC_ARC = YES;
				CLANG_ENABLE_OBJC_WEAK = YES;
				CLANG_WARN_BLOCK_CAPTURE_AUTORELEASING = YES;
				CLANG_WARN_BOOL_CONVERSION = YES;
				CLANG_WARN_COMMA = YES;
				CLANG_WARN_CONSTANT_CONVERSION = YES;
				CLANG_WARN_DEPRECATED_OBJC_IMPLEMENTATIONS = YES;
				CLANG_WARN_DIRECT_OBJC_ISA_USAGE = YES_ERROR;
				CLANG_WARN_DOCUMENTATION_COMMENTS = YES;
				CLANG_WARN_EMPTY_BODY = YES;
				CLANG_WARN_ENUM_CONVERSION = YES;
				CLANG_WARN_INFINITE_RECURSION = YES;
				CLANG_WARN_INT_CONVERSION = YES;
				CLANG_WARN_NON_LITERAL_NULL_CONVERSION = YES;
				CLANG_WARN_OBJC_IMPLICIT_RETAIN_SELF = YES;
				CLANG_WARN_OBJC_LITERAL_CONVERSION = YES;
				CLANG_WARN_OBJC_ROOT_CLASS = YES_ERROR;
				CLANG_WARN_QUOTED_INCLUDE_IN_FRAMEWORK_HEADER = YES;
				CLANG_WARN_RANGE_LOOP_ANALYSIS = YES;
				CLANG_WARN_STRICT_PROTOTYPES = YES;
				CLANG_WARN_SUSPICIOUS_MOVE = YES;
				CLANG_WARN_UNGUARDED_AVAILABILITY = YES_AGGRESSIVE;
				CLANG_WARN_UNREACHABLE_CODE = YES;
				CLANG_WARN__DUPLICATE_METHOD_MATCH = YES;
				COPY_PHASE_STRIP = NO;
				DEBUG_INFORMATION_FORMAT = "dwarf-with-dsym";
				ENABLE_NS_ASSERTIONS = NO;
				ENABLE_STRICT_OBJC_MSGSEND = YES;
				ENABLE_USER_SCRIPT_SANDBOXING = YES;
				GCC_C_LANGUAGE_STANDARD = gnu17;
				GCC_NO_COMMON_BLOCKS = YES;
				GCC_WARN_64_TO_32_BIT_CONVERSION = YES;
				GCC_WARN_ABOUT_RETURN_TYPE = YES_ERROR;
				GCC_WARN_UNDECLARED_SELECTOR = YES;
				GCC_WARN_UNINITIALIZED_AUTOS = YES_AGGRESSIVE;
				GCC_WARN_UNUSED_FUNCTION = YES;
				GCC_WARN_UNUSED_VARIABLE = YES;
				IPHONEOS_DEPLOYMENT_TARGET = 17.4;
				LOCALIZATION_PREFERS_STRING_CATALOGS = YES;
				MTL_ENABLE_DEBUG_INFO = NO;
				MTL_FAST_MATH = YES;
				SDKROOT = iphoneos;
				SWIFT_COMPILATION_MODE = wholemodule;
				VALIDATE_PRODUCT = YES;
			};
			name = Release;
		};
		611198892BD08D0A006E4E59 /* Debug */ = {
			isa = XCBuildConfiguration;
			buildSettings = {
				ASSETCATALOG_COMPILER_APPICON_NAME = AppIcon;
				ASSETCATALOG_COMPILER_GLOBAL_ACCENT_COLOR_NAME = AccentColor;
				CODE_SIGN_STYLE = Automatic;
				CURRENT_PROJECT_VERSION = 1;
				DEVELOPMENT_ASSET_PATHS = "\"3DModelPicker/Preview Content\"";
				DEVELOPMENT_TEAM = H8X7BGGD4F;
				ENABLE_PREVIEWS = YES;
				GENERATE_INFOPLIST_FILE = YES;
				INFOPLIST_KEY_NSCameraUsageDescription = "";
				INFOPLIST_KEY_UIApplicationSupportsIndirectInputEvents = YES;
				INFOPLIST_KEY_UILaunchScreen_Generation = YES;
				INFOPLIST_KEY_UIRequiredDeviceCapabilities = arkit;
				INFOPLIST_KEY_UIStatusBarHidden = YES;
				INFOPLIST_KEY_UISupportedInterfaceOrientations_iPad = "UIInterfaceOrientationPortrait UIInterfaceOrientationPortraitUpsideDown UIInterfaceOrientationLandscapeLeft UIInterfaceOrientationLandscapeRight";
				INFOPLIST_KEY_UISupportedInterfaceOrientations_iPhone = "UIInterfaceOrientationPortrait UIInterfaceOrientationLandscapeLeft UIInterfaceOrientationLandscapeRight";
				LD_RUNPATH_SEARCH_PATHS = (
					"$(inherited)",
					"@executable_path/Frameworks",
				);
				MARKETING_VERSION = 1.0;
				PRODUCT_BUNDLE_IDENTIFIER = "com.chetan.-DModelPicker";
				PRODUCT_NAME = "$(TARGET_NAME)";
				SWIFT_EMIT_LOC_STRINGS = YES;
				SWIFT_VERSION = 5.0;
				TARGETED_DEVICE_FAMILY = "1,2";
			};
			name = Debug;
		};
		6111988A2BD08D0A006E4E59 /* Release */ = {
			isa = XCBuildConfiguration;
			buildSettings = {
				ASSETCATALOG_COMPILER_APPICON_NAME = AppIcon;
				ASSETCATALOG_COMPILER_GLOBAL_ACCENT_COLOR_NAME = AccentColor;
				CODE_SIGN_STYLE = Automatic;
				CURRENT_PROJECT_VERSION = 1;
				DEVELOPMENT_ASSET_PATHS = "\"3DModelPicker/Preview Content\"";
				DEVELOPMENT_TEAM = H8X7BGGD4F;
				ENABLE_PREVIEWS = YES;
				GENERATE_INFOPLIST_FILE = YES;
				INFOPLIST_KEY_NSCameraUsageDescription = "";
				INFOPLIST_KEY_UIApplicationSupportsIndirectInputEvents = YES;
				INFOPLIST_KEY_UILaunchScreen_Generation = YES;
				INFOPLIST_KEY_UIRequiredDeviceCapabilities = arkit;
				INFOPLIST_KEY_UIStatusBarHidden = YES;
				INFOPLIST_KEY_UISupportedInterfaceOrientations_iPad = "UIInterfaceOrientationPortrait UIInterfaceOrientationPortraitUpsideDown UIInterfaceOrientationLandscapeLeft UIInterfaceOrientationLandscapeRight";
				INFOPLIST_KEY_UISupportedInterfaceOrientations_iPhone = "UIInterfaceOrientationPortrait UIInterfaceOrientationLandscapeLeft UIInterfaceOrientationLandscapeRight";
				LD_RUNPATH_SEARCH_PATHS = (
					"$(inherited)",
					"@executable_path/Frameworks",
				);
				MARKETING_VERSION = 1.0;
				PRODUCT_BUNDLE_IDENTIFIER = "com.chetan.-DModelPicker";
				PRODUCT_NAME = "$(TARGET_NAME)";
				SWIFT_EMIT_LOC_STRINGS = YES;
				SWIFT_VERSION = 5.0;
				TARGETED_DEVICE_FAMILY = "1,2";
			};
			name = Release;
		};
		6111988C2BD08D0A006E4E59 /* Debug */ = {
			isa = XCBuildConfiguration;
			buildSettings = {
				ALWAYS_EMBED_SWIFT_STANDARD_LIBRARIES = YES;
				BUNDLE_LOADER = "$(TEST_HOST)";
				CODE_SIGN_STYLE = Automatic;
				CURRENT_PROJECT_VERSION = 1;
				DEVELOPMENT_TEAM = H8X7BGGD4F;
				GENERATE_INFOPLIST_FILE = YES;
				IPHONEOS_DEPLOYMENT_TARGET = 17.4;
				MARKETING_VERSION = 1.0;
				PRODUCT_BUNDLE_IDENTIFIER = "com.chetan.-DModelPickerTests";
				PRODUCT_NAME = "$(TARGET_NAME)";
				SWIFT_EMIT_LOC_STRINGS = NO;
				SWIFT_VERSION = 5.0;
				TARGETED_DEVICE_FAMILY = "1,2";
				TEST_HOST = "$(BUILT_PRODUCTS_DIR)/3DModelPicker.app/$(BUNDLE_EXECUTABLE_FOLDER_PATH)/3DModelPicker";
			};
			name = Debug;
		};
		6111988D2BD08D0A006E4E59 /* Release */ = {
			isa = XCBuildConfiguration;
			buildSettings = {
				ALWAYS_EMBED_SWIFT_STANDARD_LIBRARIES = YES;
				BUNDLE_LOADER = "$(TEST_HOST)";
				CODE_SIGN_STYLE = Automatic;
				CURRENT_PROJECT_VERSION = 1;
				DEVELOPMENT_TEAM = H8X7BGGD4F;
				GENERATE_INFOPLIST_FILE = YES;
				IPHONEOS_DEPLOYMENT_TARGET = 17.4;
				MARKETING_VERSION = 1.0;
				PRODUCT_BUNDLE_IDENTIFIER = "com.chetan.-DModelPickerTests";
				PRODUCT_NAME = "$(TARGET_NAME)";
				SWIFT_EMIT_LOC_STRINGS = NO;
				SWIFT_VERSION = 5.0;
				TARGETED_DEVICE_FAMILY = "1,2";
				TEST_HOST = "$(BUILT_PRODUCTS_DIR)/3DModelPicker.app/$(BUNDLE_EXECUTABLE_FOLDER_PATH)/3DModelPicker";
			};
			name = Release;
		};
		6111988F2BD08D0A006E4E59 /* Debug */ = {
			isa = XCBuildConfiguration;
			buildSettings = {
				ALWAYS_EMBED_SWIFT_STANDARD_LIBRARIES = YES;
				CODE_SIGN_STYLE = Automatic;
				CURRENT_PROJECT_VERSION = 1;
				DEVELOPMENT_TEAM = H8X7BGGD4F;
				GENERATE_INFOPLIST_FILE = YES;
				MARKETING_VERSION = 1.0;
				PRODUCT_BUNDLE_IDENTIFIER = "com.chetan.-DModelPickerUITests";
				PRODUCT_NAME = "$(TARGET_NAME)";
				SWIFT_EMIT_LOC_STRINGS = NO;
				SWIFT_VERSION = 5.0;
				TARGETED_DEVICE_FAMILY = "1,2";
				TEST_TARGET_NAME = 3DModelPicker;
			};
			name = Debug;
		};
		611198902BD08D0A006E4E59 /* Release */ = {
			isa = XCBuildConfiguration;
			buildSettings = {
				ALWAYS_EMBED_SWIFT_STANDARD_LIBRARIES = YES;
				CODE_SIGN_STYLE = Automatic;
				CURRENT_PROJECT_VERSION = 1;
				DEVELOPMENT_TEAM = H8X7BGGD4F;
				GENERATE_INFOPLIST_FILE = YES;
				MARKETING_VERSION = 1.0;
				PRODUCT_BUNDLE_IDENTIFIER = "com.chetan.-DModelPickerUITests";
				PRODUCT_NAME = "$(TARGET_NAME)";
				SWIFT_EMIT_LOC_STRINGS = NO;
				SWIFT_VERSION = 5.0;
				TARGETED_DEVICE_FAMILY = "1,2";
				TEST_TARGET_NAME = 3DModelPicker;
			};
			name = Release;
		};
/* End XCBuildConfiguration section */

/* Begin XCConfigurationList section */
		6111985F2BD08D08006E4E59 /* Build configuration list for PBXProject "3DModelPicker" */ = {
			isa = XCConfigurationList;
			buildConfigurations = (
				611198862BD08D0A006E4E59 /* Debug */,
				611198872BD08D0A006E4E59 /* Release */,
			);
			defaultConfigurationIsVisible = 0;
			defaultConfigurationName = Release;
		};
		611198882BD08D0A006E4E59 /* Build configuration list for PBXNativeTarget "3DModelPicker" */ = {
			isa = XCConfigurationList;
			buildConfigurations = (
				611198892BD08D0A006E4E59 /* Debug */,
				6111988A2BD08D0A006E4E59 /* Release */,
			);
			defaultConfigurationIsVisible = 0;
			defaultConfigurationName = Release;
		};
		6111988B2BD08D0A006E4E59 /* Build configuration list for PBXNativeTarget "3DModelPickerTests" */ = {
			isa = XCConfigurationList;
			buildConfigurations = (
				6111988C2BD08D0A006E4E59 /* Debug */,
				6111988D2BD08D0A006E4E59 /* Release */,
			);
			defaultConfigurationIsVisible = 0;
			defaultConfigurationName = Release;
		};
		6111988E2BD08D0A006E4E59 /* Build configuration list for PBXNativeTarget "3DModelPickerUITests" */ = {
			isa = XCConfigurationList;
			buildConfigurations = (
				6111988F2BD08D0A006E4E59 /* Debug */,
				611198902BD08D0A006E4E59 /* Release */,
			);
			defaultConfigurationIsVisible = 0;
			defaultConfigurationName = Release;
		};
/* End XCConfigurationList section */
	};
	rootObject = 6111985C2BD08D08006E4E59 /* Project object */;
}
